{
  "name": "Portfolio",
  "lockfileVersion": 3,
  "requires": true,
  "packages": {
    "": {
      "dependencies": {
        "@emailjs/browser": "^4.4.1",
        "@fontsource/montserrat": "^5.2.6",
        "@studio-freight/lenis": "^1.0.42",
        "lenis": "^1.3.8"
      }
    },
    "node_modules/@emailjs/browser": {
      "version": "4.4.1",
      "resolved": "https://registry.npmjs.org/@emailjs/browser/-/browser-4.4.1.tgz",
      "integrity": "sha512-DGSlP9sPvyFba3to2A50kDtZ+pXVp/0rhmqs2LmbMS3I5J8FSOgLwzY2Xb4qfKlOVHh29EAutLYwe5yuEZmEFg==",
      "license": "BSD-3-Clause",
      "engines": {
        "node": ">=14.0.0"
      }
    },
    "node_modules/@fontsource/montserrat": {
      "version": "5.2.6",
      "resolved": "https://registry.npmjs.org/@fontsource/montserrat/-/montserrat-5.2.6.tgz",
      "integrity": "sha512-AfFxq1q5tgkOsjQfMFsh95uMXh39VbGOuBLlHLFg16/txv93lqK7Sr6jev0neuJzZy1kqRG16SH6xpUYnk4cZg==",
      "license": "OFL-1.1",
      "funding": {
        "url": "https://github.com/sponsors/ayuhito"
      }
    },
    "node_modules/@studio-freight/lenis": {
      "version": "1.0.42",
      "resolved": "https://registry.npmjs.org/@studio-freight/lenis/-/lenis-1.0.42.tgz",
      "integrity": "sha512-HJAGf2DeM+BTvKzHv752z6Z7zy6bA643nZM7W88Ft9tnw2GsJSp6iJ+3cekjyMIWH+cloL2U9X82dKXgdU8kPg==",
      "deprecated": "The '@studio-freight/lenis' package has been renamed to 'lenis'. Please update your dependencies: npm install lenis and visit the documentation: https://www.npmjs.com/package/lenis",
      "license": "MIT"
    },
    "node_modules/lenis": {
      "version": "1.3.8",
      "resolved": "https://registry.npmjs.org/lenis/-/lenis-1.3.8.tgz",
      "integrity": "sha512-LVeoMs6jZE1eu3gPsexndm+vk01pLFeq7P00vjIpI17saD52IYu8nPA4gX43elz8tp/TTCXcX6Em1MEjDl9NTw==",
      "license": "MIT",
      "funding": {
        "type": "github",
        "url": "https://github.com/sponsors/darkroomengineering"
      },
      "peerDependencies": {
        "@nuxt/kit": ">=3.0.0",
        "react": ">=17.0.0",
        "vue": ">=3.0.0"
      },
      "peerDependenciesMeta": {
        "@nuxt/kit": {
          "optional": true
        },
        "react": {
          "optional": true
        },
        "vue": {
          "optional": true
        }
      }
    }
  }
}
